
Microsoft Visual Studio Solution File, Format Version 12.00
# Visual Studio Version 17
VisualStudioVersion = 17.7.34031.279
MinimumVisualStudioVersion = 10.0.40219.1
Project("{FAE04EC0-301F-11D3-BF4B-00C04F79EFBC}") = "Lab2WebPr", "Lab2WebPr\Lab2WebPr.csproj", "{DFE4AE8B-4A7F-414F-A2DD-447EEFD771A2}"
EndProject
Global
	GlobalSection(SolutionConfigurationPlatforms) = preSolution
		Debug|Any CPU = Debug|Any CPU
		Release|Any CPU = Release|Any CPU
	EndGlobalSection
	GlobalSection(ProjectConfigurationPlatforms) = postSolution
		{DFE4AE8B-4A7F-414F-A2DD-447EEFD771A2}.Debug|Any CPU.ActiveCfg = Debug|Any CPU
		{DFE4AE8B-4A7F-414F-A2DD-447EEFD771A2}.Debug|Any CPU.Build.0 = Debug|Any CPU
		{DFE4AE8B-4A7F-414F-A2DD-447EEFD771A2}.Release|Any CPU.ActiveCfg = Release|Any CPU
		{DFE4AE8B-4A7F-414F-A2DD-447EEFD771A2}.Release|Any CPU.Build.0 = Release|Any CPU
	EndGlobalSection
	GlobalSection(SolutionProperties) = preSolution
		HideSolutionNode = FALSE
	EndGlobalSection
	GlobalSection(ExtensibilityGlobals) = postSolution
		SolutionGuid = {AB04E3B3-01FC-4EC2-8961-E77C048ACA19}
	EndGlobalSection
EndGlobal
